
Microsoft Visual Studio Solution File, Format Version 12.00
# Visual Studio Version 17
VisualStudioVersion = 17.7.34031.279
MinimumVisualStudioVersion = 10.0.40219.1
Project("{FAE04EC0-301F-11D3-BF4B-00C04F79EFBC}") = "BuscarFilmes.Android", "BuscarFilmes\BuscarFilmes.Android\BuscarFilmes.Android.csproj", "{15B8C469-9A42-4E56-B404-48A4E87F63BE}"
EndProject
Project("{FAE04EC0-301F-11D3-BF4B-00C04F79EFBC}") = "BuscarFilmes", "BuscarFilmes\BuscarFilmes\BuscarFilmes.csproj", "{EE5B524C-9595-49EE-AE96-CBDB94FD7B46}"
EndProject
Global
	GlobalSection(SolutionConfigurationPlatforms) = preSolution
		Debug|Any CPU = Debug|Any CPU
		Release|Any CPU = Release|Any CPU
	EndGlobalSection
	GlobalSection(ProjectConfigurationPlatforms) = postSolution
		{15B8C469-9A42-4E56-B404-48A4E87F63BE}.Debug|Any CPU.ActiveCfg = Debug|Any CPU
		{15B8C469-9A42-4E56-B404-48A4E87F63BE}.Debug|Any CPU.Build.0 = Debug|Any CPU
		{15B8C469-9A42-4E56-B404-48A4E87F63BE}.Debug|Any CPU.Deploy.0 = Debug|Any CPU
		{15B8C469-9A42-4E56-B404-48A4E87F63BE}.Release|Any CPU.ActiveCfg = Release|Any CPU
		{15B8C469-9A42-4E56-B404-48A4E87F63BE}.Release|Any CPU.Build.0 = Release|Any CPU
		{15B8C469-9A42-4E56-B404-48A4E87F63BE}.Release|Any CPU.Deploy.0 = Release|Any CPU
		{EE5B524C-9595-49EE-AE96-CBDB94FD7B46}.Debug|Any CPU.ActiveCfg = Debug|Any CPU
		{EE5B524C-9595-49EE-AE96-CBDB94FD7B46}.Debug|Any CPU.Build.0 = Debug|Any CPU
		{EE5B524C-9595-49EE-AE96-CBDB94FD7B46}.Debug|Any CPU.Deploy.0 = Debug|Any CPU
		{EE5B524C-9595-49EE-AE96-CBDB94FD7B46}.Release|Any CPU.ActiveCfg = Release|Any CPU
		{EE5B524C-9595-49EE-AE96-CBDB94FD7B46}.Release|Any CPU.Build.0 = Release|Any CPU
		{EE5B524C-9595-49EE-AE96-CBDB94FD7B46}.Release|Any CPU.Deploy.0 = Release|Any CPU
	EndGlobalSection
	GlobalSection(SolutionProperties) = preSolution
		HideSolutionNode = FALSE
	EndGlobalSection
	GlobalSection(ExtensibilityGlobals) = postSolution
		SolutionGuid = {5B453AA0-83E3-41E8-90AD-481B49B314EA}
	EndGlobalSection
EndGlobal
